
Microsoft Visual Studio Solution File, Format Version 12.00
# Visual Studio Version 17
VisualStudioVersion = 17.14.36408.4 d17.14
MinimumVisualStudioVersion = 10.0.40219.1
Project("{FAE04EC0-301F-11D3-BF4B-00C04F79EFBC}") = "DocumentManager.API", "DocumentManager.API.csproj", "{CE49DEAA-A8DE-4B03-9380-C1352B24FD4E}"
EndProject
Global
	GlobalSection(SolutionConfigurationPlatforms) = preSolution
		Debug|Any CPU = Debug|Any CPU
		Release|Any CPU = Release|Any CPU
	EndGlobalSection
	GlobalSection(ProjectConfigurationPlatforms) = postSolution
		{CE49DEAA-A8DE-4B03-9380-C1352B24FD4E}.Debug|Any CPU.ActiveCfg = Debug|Any CPU
		{CE49DEAA-A8DE-4B03-9380-C1352B24FD4E}.Debug|Any CPU.Build.0 = Debug|Any CPU
		{CE49DEAA-A8DE-4B03-9380-C1352B24FD4E}.Release|Any CPU.ActiveCfg = Release|Any CPU
		{CE49DEAA-A8DE-4B03-9380-C1352B24FD4E}.Release|Any CPU.Build.0 = Release|Any CPU
	EndGlobalSection
	GlobalSection(SolutionProperties) = preSolution
		HideSolutionNode = FALSE
	EndGlobalSection
	GlobalSection(ExtensibilityGlobals) = postSolution
		SolutionGuid = {1F11EDC3-C02B-4A8C-AE8F-E2789B5348E6}
	EndGlobalSection
EndGlobal
